{
  "name": "installGit",
  "version": "0.0.1",
  "lockfileVersion": 1,
  "requires": true,
  "dependencies": {
    "@ys/common_dependency": {
      "version": "git+https://github.com/spirit1453/codebase.git#b2e88f44c7da7a9f6a65f4bf6df6b869bb6913a6",
      "from": "git+https://github.com/spirit1453/codebase.git#common_dependency",
      "requires": {
        "debug": "^3.1.0",
        "lodash": "^4.17.10",
        "uuid": "^3.3.2"
      }
    },
    "@ys/eslint-config-strict": {
      "version": "git+https://github.com/spirit1453/codebase.git#963ee11e7e39d4decff28d865ee512141fcb68d0",
      "from": "git+https://github.com/spirit1453/codebase.git#strict_eslint",
      "dev": true
    },
    "debug": {
      "version": "3.1.0",
      "resolved": "http://registry.npm.taobao.org/debug/download/debug-3.1.0.tgz",
      "integrity": "sha1-W7WgZyYotkFJVmuhaBnmFRjGcmE=",
      "requires": {
        "ms": "2.0.0"
      }
    },
    "lodash": {
      "version": "4.17.10",
      "resolved": "http://registry.npm.taobao.org/lodash/download/lodash-4.17.10.tgz",
      "integrity": "sha1-G3eTz3JZ6jj7NmHU04syYK+K5Oc="
    },
    "ms": {
      "version": "2.0.0",
      "resolved": "http://registry.npm.taobao.org/ms/download/ms-2.0.0.tgz",
      "integrity": "sha1-VgiurfwAvmwpAd9fmGF4jeDVl8g="
    },
    "uuid": {
      "version": "3.3.2",
      "resolved": "http://registry.npm.taobao.org/uuid/download/uuid-3.3.2.tgz",
      "integrity": "sha1-G0r0lV6zB3xQHCOHL8ZROBFYcTE="
    }
  }
}
